
Microsoft Visual Studio Solution File, Format Version 12.00
# Visual Studio Version 17
VisualStudioVersion = 17.4.33205.214
MinimumVisualStudioVersion = 10.0.40219.1
Project("{8BC9CEB8-8B4A-11D0-8D11-00A0C91BC942}") = "OpenGL GLFW template V2", "OpenGL GLFW template V2\OpenGL GLFW template V2.vcxproj", "{FAA07149-A923-4E64-BC4F-C3FDD455736C}"
EndProject
Global
	GlobalSection(SolutionConfigurationPlatforms) = preSolution
		Debug|x64 = Debug|x64
		Debug|x86 = Debug|x86
		Release|x64 = Release|x64
		Release|x86 = Release|x86
	EndGlobalSection
	GlobalSection(ProjectConfigurationPlatforms) = postSolution
		{FAA07149-A923-4E64-BC4F-C3FDD455736C}.Debug|x64.ActiveCfg = Debug|x64
		{FAA07149-A923-4E64-BC4F-C3FDD455736C}.Debug|x64.Build.0 = Debug|x64
		{FAA07149-A923-4E64-BC4F-C3FDD455736C}.Debug|x86.ActiveCfg = Debug|Win32
		{FAA07149-A923-4E64-BC4F-C3FDD455736C}.Debug|x86.Build.0 = Debug|Win32
		{FAA07149-A923-4E64-BC4F-C3FDD455736C}.Release|x64.ActiveCfg = Release|x64
		{FAA07149-A923-4E64-BC4F-C3FDD455736C}.Release|x64.Build.0 = Release|x64
		{FAA07149-A923-4E64-BC4F-C3FDD455736C}.Release|x86.ActiveCfg = Release|Win32
		{FAA07149-A923-4E64-BC4F-C3FDD455736C}.Release|x86.Build.0 = Release|Win32
	EndGlobalSection
	GlobalSection(SolutionProperties) = preSolution
		HideSolutionNode = FALSE
	EndGlobalSection
	GlobalSection(ExtensibilityGlobals) = postSolution
		SolutionGuid = {5BAD3127-654A-42EA-851E-70D17C16A6A1}
	EndGlobalSection
EndGlobal
