<?xml version="1.0" encoding="utf-8"?>
<Project ToolsVersion="4.0" xmlns="http://schemas.microsoft.com/developer/msbuild/2003">
  <ItemGroup>
    <Filter Include="Source Files">
      <UniqueIdentifier>{4FC737F1-C7A5-4376-A066-2A32D752A2FF}</UniqueIdentifier>
      <Extensions>cpp;c;cc;cxx;c++;cppm;ixx;def;odl;idl;hpj;bat;asm;asmx</Extensions>
    </Filter>
    <Filter Include="Header Files">
      <UniqueIdentifier>{93995380-89BD-4b04-88EB-625FBE52EBFB}</UniqueIdentifier>
      <Extensions>h;hh;hpp;hxx;h++;hm;inl;inc;ipp;xsd</Extensions>
    </Filter>
    <Filter Include="Resource Files">
      <UniqueIdentifier>{67DA6AB6-F800-4c08-8B7A-83BB121AAD01}</UniqueIdentifier>
      <Extensions>rc;ico;cur;bmp;dlg;rc2;rct;bin;rgs;gif;jpg;jpeg;jpe;resx;tiff;tif;png;wav;mfcribbon-ms</Extensions>
    </Filter>
    <Filter Include="Header Files\Graphics">
      <UniqueIdentifier>{0f63aa31-a53d-424b-8e53-c9fcc57790ba}</UniqueIdentifier>
    </Filter>
    <Filter Include="Header Files\System">
      <UniqueIdentifier>{46f661c9-c7d2-453e-ab62-46d8cad94d88}</UniqueIdentifier>
    </Filter>
    <Filter Include="Source Files\Graphics">
      <UniqueIdentifier>{e7ab30d1-4745-4060-8fe1-db147d0bb9c4}</UniqueIdentifier>
    </Filter>
    <Filter Include="Source Files\System">
      <UniqueIdentifier>{d9efd262-0e86-455b-bea4-df53d3c3e598}</UniqueIdentifier>
    </Filter>
    <Filter Include="Resource Files\Shaders">
      <UniqueIdentifier>{bad66141-f814-4e32-8d65-e7070e802f1f}</UniqueIdentifier>
    </Filter>
    <Filter Include="Resource Files\vendor">
      <UniqueIdentifier>{bd1a1ad1-673f-4215-9d2a-b99f62635819}</UniqueIdentifier>
    </Filter>
    <Filter Include="Resource Files\vendor\stb_image">
      <UniqueIdentifier>{9348f7b2-c8bc-4889-aee1-1753efb8b47d}</UniqueIdentifier>
    </Filter>
  </ItemGroup>
  <ItemGroup>
    <ClCompile Include="OpenGL GLFW template V2.cpp">
      <Filter>Source Files</Filter>
    </ClCompile>
    <ClCompile Include="Source Files\System\Vector2.cpp">
      <Filter>Source Files\System</Filter>
    </ClCompile>
    <ClCompile Include="Source Files\System\Vector3.cpp">
      <Filter>Source Files\System</Filter>
    </ClCompile>
    <ClCompile Include="Source Files\Graphics\Window.cpp">
      <Filter>Source Files\Graphics</Filter>
    </ClCompile>
    <ClCompile Include="Source Files\Graphics\View.cpp">
      <Filter>Source Files\Graphics</Filter>
    </ClCompile>
    <ClCompile Include="Source Files\Graphics\EventHandler.cpp">
      <Filter>Source Files\Graphics</Filter>
    </ClCompile>
    <ClCompile Include="stb_image.cpp">
      <Filter>Resource Files\vendor\stb_image</Filter>
    </ClCompile>
    <ClCompile Include="Source Files\Graphics\VertexArray.cpp">
      <Filter>Source Files\Graphics</Filter>
    </ClCompile>
    <ClCompile Include="Source Files\Graphics\Texture.cpp">
      <Filter>Source Files\Graphics</Filter>
    </ClCompile>
    <ClCompile Include="Source Files\Graphics\Vertex.cpp">
      <Filter>Source Files\Graphics</Filter>
    </ClCompile>
  </ItemGroup>
  <ItemGroup>
    <ClInclude Include="GLFW Header.h">
      <Filter>Resource Files</Filter>
    </ClInclude>
    <ClInclude Include="Headers\System\Vector2.h">
      <Filter>Header Files\System</Filter>
    </ClInclude>
    <ClInclude Include="Headers\System\Vector3.h">
      <Filter>Header Files\System</Filter>
    </ClInclude>
    <ClInclude Include="Headers\Graphics\Window.h">
      <Filter>Header Files\Graphics</Filter>
    </ClInclude>
    <ClInclude Include="Headers\Graphics\ContextSettings.h">
      <Filter>Header Files\Graphics</Filter>
    </ClInclude>
    <ClInclude Include="Headers\Graphics\Color.h">
      <Filter>Header Files\Graphics</Filter>
    </ClInclude>
    <ClInclude Include="Headers\Graphics\View.h">
      <Filter>Header Files\Graphics</Filter>
    </ClInclude>
    <ClInclude Include="Headers\Graphics\Event.h">
      <Filter>Header Files\Graphics</Filter>
    </ClInclude>
    <ClInclude Include="Headers\Graphics\EventHandler.h">
      <Filter>Header Files\Graphics</Filter>
    </ClInclude>
    <ClInclude Include="Headers\Graphics\Shader.h">
      <Filter>Header Files\Graphics</Filter>
    </ClInclude>
    <ClInclude Include="stb_image.h">
      <Filter>Resource Files\vendor\stb_image</Filter>
    </ClInclude>
    <ClInclude Include="Headers\Graphics\VertexArray.h">
      <Filter>Header Files\Graphics</Filter>
    </ClInclude>
    <ClInclude Include="Headers\Graphics\Texture.h">
      <Filter>Header Files\Graphics</Filter>
    </ClInclude>
    <ClInclude Include="Headers\Graphics\Vertex.h">
      <Filter>Header Files\Graphics</Filter>
    </ClInclude>
  </ItemGroup>
  <ItemGroup>
    <None Include="2dShader.vert">
      <Filter>Resource Files\Shaders</Filter>
    </None>
    <None Include="2dShader.frag">
      <Filter>Resource Files\Shaders</Filter>
    </None>
  </ItemGroup>
</Project>